
Microsoft Visual Studio Solution File, Format Version 12.00
# Visual Studio Version 17
VisualStudioVersion = 17.5.33502.453
MinimumVisualStudioVersion = 10.0.40219.1
Project("{8BC9CEB8-8B4A-11D0-8D11-00A0C91BC942}") = "LinkedLists,DeleteNodeWithGivenKey", "LinkedLists,DeleteNodeWithGivenKey\LinkedLists,DeleteNodeWithGivenKey.vcxproj", "{65658AED-53C7-4607-84F1-E676C18F07BF}"
EndProject
Global
	GlobalSection(SolutionConfigurationPlatforms) = preSolution
		Debug|x64 = Debug|x64
		Debug|x86 = Debug|x86
		Release|x64 = Release|x64
		Release|x86 = Release|x86
	EndGlobalSection
	GlobalSection(ProjectConfigurationPlatforms) = postSolution
		{65658AED-53C7-4607-84F1-E676C18F07BF}.Debug|x64.ActiveCfg = Debug|x64
		{65658AED-53C7-4607-84F1-E676C18F07BF}.Debug|x64.Build.0 = Debug|x64
		{65658AED-53C7-4607-84F1-E676C18F07BF}.Debug|x86.ActiveCfg = Debug|Win32
		{65658AED-53C7-4607-84F1-E676C18F07BF}.Debug|x86.Build.0 = Debug|Win32
		{65658AED-53C7-4607-84F1-E676C18F07BF}.Release|x64.ActiveCfg = Release|x64
		{65658AED-53C7-4607-84F1-E676C18F07BF}.Release|x64.Build.0 = Release|x64
		{65658AED-53C7-4607-84F1-E676C18F07BF}.Release|x86.ActiveCfg = Release|Win32
		{65658AED-53C7-4607-84F1-E676C18F07BF}.Release|x86.Build.0 = Release|Win32
	EndGlobalSection
	GlobalSection(SolutionProperties) = preSolution
		HideSolutionNode = FALSE
	EndGlobalSection
	GlobalSection(ExtensibilityGlobals) = postSolution
		SolutionGuid = {C181010E-F012-4D9C-8AC0-6879DCF3C9A9}
	EndGlobalSection
EndGlobal
